{
  "nodes": {
    "flake-utils": {
      "inputs": {
        "systems": "systems"
      },
      "locked": {
        "lastModified": 1731533236,
        "narHash": "sha256-l0KFg5HjrsfsO/JpG+r7fRrqm12kzFHyUHqHCVpMMbI=",
        "owner": "numtide",
        "repo": "flake-utils",
        "rev": "11707dc2f618dd54ca8739b309ec4fc024de578b",
        "type": "github"
      },
      "original": {
        "owner": "numtide",
        "repo": "flake-utils",
        "type": "github"
      }
    },
    "nixpkgs": {
      "locked": {
        "lastModified": 1761880412,
        "narHash": "sha256-QoJjGd4NstnyOG4mm4KXF+weBzA2AH/7gn1Pmpfcb0A=",
        "owner": "NixOS",
        "repo": "nixpkgs",
        "rev": "a7fc11be66bdfb5cdde611ee5ce381c183da8386",
        "type": "github"
      },
      "original": {
        "owner": "NixOS",
        "ref": "nixpkgs-unstable",
        "repo": "nixpkgs",
        "type": "github"
      }
    },
    "risc0-nix": {
      "inputs": {
        "flake-utils": [
          "flake-utils"
        ],
        "nixpkgs": [
          "nixpkgs"
        ],
        "risc0-src": "risc0-src",
        "rust-overlay": "rust-overlay"
      },
      "locked": {
        "lastModified": 1761983963,
        "narHash": "sha256-WEN29h4rtqRumfxRv+8DvMW1Mu0THzgFEQ+/1+rCARY=",
        "owner": "alpenlabs",
        "repo": "risc0.nix",
        "rev": "201ac61f6af36817760abce155dbbcbfce05e741",
        "type": "github"
      },
      "original": {
        "owner": "alpenlabs",
        "repo": "risc0.nix",
        "type": "github"
      }
    },
    "risc0-src": {
      "flake": false,
      "locked": {
        "lastModified": 1759858260,
        "narHash": "sha256-UhaNoelxWhW5t6ZnM4qg5Sh8DBz6v0R7iKtXCoXDmew=",
        "owner": "risc0",
        "repo": "rust",
        "rev": "3000964c2f6d81fcb66cf84f0617fcc05a80ac2c",
        "type": "github"
      },
      "original": {
        "owner": "risc0",
        "repo": "rust",
        "type": "github"
      }
    },
    "root": {
      "inputs": {
        "flake-utils": "flake-utils",
        "nixpkgs": "nixpkgs",
        "risc0-nix": "risc0-nix",
        "rust-overlay": "rust-overlay_2",
        "sp1-nix": "sp1-nix"
      }
    },
    "rust-overlay": {
      "inputs": {
        "nixpkgs": [
          "risc0-nix",
          "nixpkgs"
        ]
      },
      "locked": {
        "lastModified": 1761878277,
        "narHash": "sha256-6fCtyVdTzoQejwoextAu7dCLoy5fyD3WVh+Qm7t2Nhg=",
        "owner": "oxalica",
        "repo": "rust-overlay",
        "rev": "6604534e44090c917db714faa58d47861657690c",
        "type": "github"
      },
      "original": {
        "owner": "oxalica",
        "repo": "rust-overlay",
        "type": "github"
      }
    },
    "rust-overlay_2": {
      "inputs": {
        "nixpkgs": [
          "nixpkgs"
        ]
      },
      "locked": {
        "lastModified": 1762137611,
        "narHash": "sha256-sTqb10FR/YQCuGbw16qxliX0NFlYg6evSEjN8w+9IYE=",
        "owner": "oxalica",
        "repo": "rust-overlay",
        "rev": "3a0ebe5d2965692f990cb27e62f501ad35e3deeb",
        "type": "github"
      },
      "original": {
        "owner": "oxalica",
        "repo": "rust-overlay",
        "type": "github"
      }
    },
    "rust-overlay_3": {
      "inputs": {
        "nixpkgs": [
          "sp1-nix",
          "nixpkgs"
        ]
      },
      "locked": {
        "lastModified": 1761878277,
        "narHash": "sha256-6fCtyVdTzoQejwoextAu7dCLoy5fyD3WVh+Qm7t2Nhg=",
        "owner": "oxalica",
        "repo": "rust-overlay",
        "rev": "6604534e44090c917db714faa58d47861657690c",
        "type": "github"
      },
      "original": {
        "owner": "oxalica",
        "repo": "rust-overlay",
        "type": "github"
      }
    },
    "sp1-nix": {
      "inputs": {
        "flake-utils": [
          "flake-utils"
        ],
        "nixpkgs": [
          "nixpkgs"
        ],
        "rust-overlay": "rust-overlay_3",
        "sp1-src": "sp1-src"
      },
      "locked": {
        "lastModified": 1761984273,
        "narHash": "sha256-ZldmvC2ViWLJjxPhjTryuLKgGM+DmEs0MrPSb8ly/mU=",
        "owner": "alpenlabs",
        "repo": "sp1.nix",
        "rev": "307a12bc07cd067312f56b3d52ec93fed0c64e06",
        "type": "github"
      },
      "original": {
        "owner": "alpenlabs",
        "repo": "sp1.nix",
        "type": "github"
      }
    },
    "sp1-src": {
      "flake": false,
      "locked": {
        "lastModified": 1761776524,
        "narHash": "sha256-gmYhgcQF0S2Wk3vldnD9otg0M6MTe3VwT9MfGoQt1rA=",
        "owner": "succinctlabs",
        "repo": "sp1",
        "rev": "5fc2f1e22f0bf719db2d9434d8024e8cf9fd2385",
        "type": "github"
      },
      "original": {
        "owner": "succinctlabs",
        "repo": "sp1",
        "type": "github"
      }
    },
    "systems": {
      "locked": {
        "lastModified": 1681028828,
        "narHash": "sha256-Vy1rq5AaRuLzOxct8nz4T6wlgyUR7zLU309k9mBC768=",
        "owner": "nix-systems",
        "repo": "default",
        "rev": "da67096a3b9bf56a91d16901293e51ba5b49a27e",
        "type": "github"
      },
      "original": {
        "owner": "nix-systems",
        "repo": "default",
        "type": "github"
      }
    }
  },
  "root": "root",
  "version": 7
}
