{
  "nodes": {
    "flake-utils": {
      "inputs": {
        "systems": "systems"
      },
      "locked": {
        "lastModified": 1731533236,
        "narHash": "sha256-l0KFg5HjrsfsO/JpG+r7fRrqm12kzFHyUHqHCVpMMbI=",
        "owner": "numtide",
        "repo": "flake-utils",
        "rev": "11707dc2f618dd54ca8739b309ec4fc024de578b",
        "type": "github"
      },
      "original": {
        "owner": "numtide",
        "repo": "flake-utils",
        "type": "github"
      }
    },
    "nixpkgs": {
      "locked": {
        "lastModified": 1764506988,
        "narHash": "sha256-clj4TsIVqiFfvyu+mfm3s94Y7iOP+eRa62wxzLUV49M=",
        "owner": "NixOS",
        "repo": "nixpkgs",
        "rev": "4c7d90a136071eb8154d6b3fe63b0046de9d4712",
        "type": "github"
      },
      "original": {
        "owner": "NixOS",
        "ref": "nixpkgs-unstable",
        "repo": "nixpkgs",
        "type": "github"
      }
    },
    "risc0-nix": {
      "inputs": {
        "flake-utils": [
          "flake-utils"
        ],
        "nixpkgs": [
          "nixpkgs"
        ],
        "risc0-src": "risc0-src",
        "rust-overlay": "rust-overlay"
      },
      "locked": {
        "lastModified": 1762800184,
        "narHash": "sha256-Oo6eyLopMt7LUNMzM1mGsHaJwhUaOHDSHLB4wpcrgSE=",
        "owner": "alpenlabs",
        "repo": "risc0.nix",
        "rev": "95b56780e10957a1f74dca0b3aa405cce2ac5922",
        "type": "github"
      },
      "original": {
        "owner": "alpenlabs",
        "repo": "risc0.nix",
        "type": "github"
      }
    },
    "risc0-src": {
      "flake": false,
      "locked": {
        "lastModified": 1759858260,
        "narHash": "sha256-UhaNoelxWhW5t6ZnM4qg5Sh8DBz6v0R7iKtXCoXDmew=",
        "owner": "risc0",
        "repo": "rust",
        "rev": "3000964c2f6d81fcb66cf84f0617fcc05a80ac2c",
        "type": "github"
      },
      "original": {
        "owner": "risc0",
        "repo": "rust",
        "type": "github"
      }
    },
    "root": {
      "inputs": {
        "flake-utils": "flake-utils",
        "nixpkgs": "nixpkgs",
        "risc0-nix": "risc0-nix",
        "rust-overlay": "rust-overlay_2",
        "sp1-nix": "sp1-nix"
      }
    },
    "rust-overlay": {
      "inputs": {
        "nixpkgs": [
          "risc0-nix",
          "nixpkgs"
        ]
      },
      "locked": {
        "lastModified": 1761878277,
        "narHash": "sha256-6fCtyVdTzoQejwoextAu7dCLoy5fyD3WVh+Qm7t2Nhg=",
        "owner": "oxalica",
        "repo": "rust-overlay",
        "rev": "6604534e44090c917db714faa58d47861657690c",
        "type": "github"
      },
      "original": {
        "owner": "oxalica",
        "repo": "rust-overlay",
        "type": "github"
      }
    },
    "rust-overlay_2": {
      "inputs": {
        "nixpkgs": [
          "nixpkgs"
        ]
      },
      "locked": {
        "lastModified": 1764470739,
        "narHash": "sha256-sa9f81B1dWO16QtgDTWHX8DQbiHKzHndpaunY5EQtwE=",
        "owner": "oxalica",
        "repo": "rust-overlay",
        "rev": "3bfa664055e1a09c6aedab5533c5fc8d6ca5741a",
        "type": "github"
      },
      "original": {
        "owner": "oxalica",
        "repo": "rust-overlay",
        "type": "github"
      }
    },
    "rust-overlay_3": {
      "inputs": {
        "nixpkgs": [
          "sp1-nix",
          "nixpkgs"
        ]
      },
      "locked": {
        "lastModified": 1761878277,
        "narHash": "sha256-6fCtyVdTzoQejwoextAu7dCLoy5fyD3WVh+Qm7t2Nhg=",
        "owner": "oxalica",
        "repo": "rust-overlay",
        "rev": "6604534e44090c917db714faa58d47861657690c",
        "type": "github"
      },
      "original": {
        "owner": "oxalica",
        "repo": "rust-overlay",
        "type": "github"
      }
    },
    "sp1-nix": {
      "inputs": {
        "flake-utils": [
          "flake-utils"
        ],
        "nixpkgs": [
          "nixpkgs"
        ],
        "rust-overlay": "rust-overlay_3",
        "sp1-src": "sp1-src"
      },
      "locked": {
        "lastModified": 1762800129,
        "narHash": "sha256-o3RfMU62lpOmc8ll2g8tVKbtYjW5NiNgYxCBUaHhRNQ=",
        "owner": "alpenlabs",
        "repo": "sp1.nix",
        "rev": "aa92f589188307426231ebc4136069f3c665d71b",
        "type": "github"
      },
      "original": {
        "owner": "alpenlabs",
        "repo": "sp1.nix",
        "type": "github"
      }
    },
    "sp1-src": {
      "flake": false,
      "locked": {
        "lastModified": 1761776524,
        "narHash": "sha256-gmYhgcQF0S2Wk3vldnD9otg0M6MTe3VwT9MfGoQt1rA=",
        "owner": "succinctlabs",
        "repo": "sp1",
        "rev": "5fc2f1e22f0bf719db2d9434d8024e8cf9fd2385",
        "type": "github"
      },
      "original": {
        "owner": "succinctlabs",
        "repo": "sp1",
        "type": "github"
      }
    },
    "systems": {
      "locked": {
        "lastModified": 1681028828,
        "narHash": "sha256-Vy1rq5AaRuLzOxct8nz4T6wlgyUR7zLU309k9mBC768=",
        "owner": "nix-systems",
        "repo": "default",
        "rev": "da67096a3b9bf56a91d16901293e51ba5b49a27e",
        "type": "github"
      },
      "original": {
        "owner": "nix-systems",
        "repo": "default",
        "type": "github"
      }
    }
  },
  "root": "root",
  "version": 7
}
