{
  "nodes": {
    "flake-utils": {
      "inputs": {
        "systems": "systems"
      },
      "locked": {
        "lastModified": 1731533236,
        "narHash": "sha256-l0KFg5HjrsfsO/JpG+r7fRrqm12kzFHyUHqHCVpMMbI=",
        "owner": "numtide",
        "repo": "flake-utils",
        "rev": "11707dc2f618dd54ca8739b309ec4fc024de578b",
        "type": "github"
      },
      "original": {
        "owner": "numtide",
        "repo": "flake-utils",
        "type": "github"
      }
    },
    "nixpkgs": {
      "locked": {
        "lastModified": 1767151656,
        "narHash": "sha256-ujL2AoYBnJBN262HD95yer7QYUmYp5kFZGYbyCCKxq8=",
        "owner": "NixOS",
        "repo": "nixpkgs",
        "rev": "f665af0cdb70ed27e1bd8f9fdfecaf451260fc55",
        "type": "github"
      },
      "original": {
        "owner": "NixOS",
        "ref": "nixpkgs-unstable",
        "repo": "nixpkgs",
        "type": "github"
      }
    },
    "risc0-nix": {
      "inputs": {
        "flake-utils": [
          "flake-utils"
        ],
        "nixpkgs": [
          "nixpkgs"
        ],
        "risc0-src": "risc0-src",
        "rust-overlay": "rust-overlay"
      },
      "locked": {
        "lastModified": 1764596047,
        "narHash": "sha256-VnFYCVenoZEjMYQxW6HWEYYXAa6BlDextXV6uqxzguI=",
        "owner": "alpenlabs",
        "repo": "risc0.nix",
        "rev": "dadf2b688bffeed52c7fd08f3dfc39970ef44ef7",
        "type": "github"
      },
      "original": {
        "owner": "alpenlabs",
        "repo": "risc0.nix",
        "type": "github"
      }
    },
    "risc0-src": {
      "flake": false,
      "locked": {
        "lastModified": 1759858260,
        "narHash": "sha256-UhaNoelxWhW5t6ZnM4qg5Sh8DBz6v0R7iKtXCoXDmew=",
        "owner": "risc0",
        "repo": "rust",
        "rev": "3000964c2f6d81fcb66cf84f0617fcc05a80ac2c",
        "type": "github"
      },
      "original": {
        "owner": "risc0",
        "repo": "rust",
        "type": "github"
      }
    },
    "root": {
      "inputs": {
        "flake-utils": "flake-utils",
        "nixpkgs": "nixpkgs",
        "risc0-nix": "risc0-nix",
        "rust-overlay": "rust-overlay_2",
        "sp1-nix": "sp1-nix"
      }
    },
    "rust-overlay": {
      "inputs": {
        "nixpkgs": [
          "risc0-nix",
          "nixpkgs"
        ]
      },
      "locked": {
        "lastModified": 1764470739,
        "narHash": "sha256-sa9f81B1dWO16QtgDTWHX8DQbiHKzHndpaunY5EQtwE=",
        "owner": "oxalica",
        "repo": "rust-overlay",
        "rev": "3bfa664055e1a09c6aedab5533c5fc8d6ca5741a",
        "type": "github"
      },
      "original": {
        "owner": "oxalica",
        "repo": "rust-overlay",
        "type": "github"
      }
    },
    "rust-overlay_2": {
      "inputs": {
        "nixpkgs": [
          "nixpkgs"
        ]
      },
      "locked": {
        "lastModified": 1767149068,
        "narHash": "sha256-TjfAb58Ybz/93e2jP0qD846dj+VqiY7wk+EqsxcZ708=",
        "owner": "oxalica",
        "repo": "rust-overlay",
        "rev": "6d14586a5917a1ec7f045ac97e6d00c68ea5d9f3",
        "type": "github"
      },
      "original": {
        "owner": "oxalica",
        "repo": "rust-overlay",
        "type": "github"
      }
    },
    "rust-overlay_3": {
      "inputs": {
        "nixpkgs": [
          "sp1-nix",
          "nixpkgs"
        ]
      },
      "locked": {
        "lastModified": 1764470739,
        "narHash": "sha256-sa9f81B1dWO16QtgDTWHX8DQbiHKzHndpaunY5EQtwE=",
        "owner": "oxalica",
        "repo": "rust-overlay",
        "rev": "3bfa664055e1a09c6aedab5533c5fc8d6ca5741a",
        "type": "github"
      },
      "original": {
        "owner": "oxalica",
        "repo": "rust-overlay",
        "type": "github"
      }
    },
    "sp1-nix": {
      "inputs": {
        "flake-utils": [
          "flake-utils"
        ],
        "nixpkgs": [
          "nixpkgs"
        ],
        "rust-overlay": "rust-overlay_3",
        "sp1-src": "sp1-src"
      },
      "locked": {
        "lastModified": 1764596725,
        "narHash": "sha256-/fUXm8hakgLcBv9Bvv+ZcJjDrzhOCQpPfbYbSp44WnU=",
        "owner": "alpenlabs",
        "repo": "sp1.nix",
        "rev": "f3a5278be2cc69c75b4e588e1b9e17e1a64758e5",
        "type": "github"
      },
      "original": {
        "owner": "alpenlabs",
        "repo": "sp1.nix",
        "type": "github"
      }
    },
    "sp1-src": {
      "flake": false,
      "locked": {
        "lastModified": 1763776812,
        "narHash": "sha256-6fnQi1fH3hKP/DFg1T0TvGGc7ygnT9YaxJHAIvn6QPM=",
        "owner": "succinctlabs",
        "repo": "sp1",
        "rev": "6974195aae8d0d4b2b7e3ed8c2d493721aaa230b",
        "type": "github"
      },
      "original": {
        "owner": "succinctlabs",
        "repo": "sp1",
        "type": "github"
      }
    },
    "systems": {
      "locked": {
        "lastModified": 1681028828,
        "narHash": "sha256-Vy1rq5AaRuLzOxct8nz4T6wlgyUR7zLU309k9mBC768=",
        "owner": "nix-systems",
        "repo": "default",
        "rev": "da67096a3b9bf56a91d16901293e51ba5b49a27e",
        "type": "github"
      },
      "original": {
        "owner": "nix-systems",
        "repo": "default",
        "type": "github"
      }
    }
  },
  "root": "root",
  "version": 7
}
